<Solution>
  <Folder Name="/authorization/">
    <Project Path="/Authorization.Api/Authorization.Api.csproj" />
    <Project Path="/Authorization.Application/Authorization.Application.csproj" />
    <Project Path="/Authorization.Domain/Authorization.Domain.csproj" />
    <Project Path="/Authorization.Infrastructure/Authorization.Infrastructure.csproj" />
  </Folder>
</Solution>
