<Solution>
  <Folder Name="/src/">
    <Project Path="src/Authorization.Api/Authorization.Api.csproj" />
    <Project Path="src/Authorization.Application/Authorization.Application.csproj" />
    <Project Path="src/Authorization.Domain/Authorization.Domain.csproj" />
    <Project Path="src/Authorization.Infrastructure/Authorization.Infrastructure.csproj" />
  </Folder>
</Solution>
