<Solution>
  <Folder Name="/src/">
    <Project Path="src/User.Api/User.Api.csproj" />
    <Project Path="src/User.Application/User.Application.csproj" />
    <Project Path="src/User.Domain/User.Domain.csproj" />
    <Project Path="src/User.Infrastructure/User.Infrastructure.csproj" />
  </Folder>
</Solution>
