<Solution>
  <Folder Name="/user/">
    <Project Path="./User.Api/User.Api.csproj" />
    <Project Path="./User.Application/User.Application.csproj" />
    <Project Path="./User.Domain/User.Domain.csproj" />
    <Project Path="./User.Infrastructure/User.Infrastructure.csproj" />
  </Folder>
</Solution>
